
Microsoft Visual Studio Solution File, Format Version 12.00
# Visual Studio Version 16
VisualStudioVersion = 16.0.33529.622
MinimumVisualStudioVersion = 10.0.40219.1
Project("{8BC9CEB8-8B4A-11D0-8D11-00A0C91BC942}") = "Optymalizacja1.3", "Optymalizacja1.3.vcxproj", "{0A88D082-AF58-44E4-84C0-6F76E1089D6F}"
EndProject
Global
	GlobalSection(SolutionConfigurationPlatforms) = preSolution
		Debug|x64 = Debug|x64
		Debug|x86 = Debug|x86
		Release|x64 = Release|x64
		Release|x86 = Release|x86
	EndGlobalSection
	GlobalSection(ProjectConfigurationPlatforms) = postSolution
		{0A88D082-AF58-44E4-84C0-6F76E1089D6F}.Debug|x64.ActiveCfg = Debug|x64
		{0A88D082-AF58-44E4-84C0-6F76E1089D6F}.Debug|x64.Build.0 = Debug|x64
		{0A88D082-AF58-44E4-84C0-6F76E1089D6F}.Debug|x86.ActiveCfg = Debug|Win32
		{0A88D082-AF58-44E4-84C0-6F76E1089D6F}.Debug|x86.Build.0 = Debug|Win32
		{0A88D082-AF58-44E4-84C0-6F76E1089D6F}.Release|x64.ActiveCfg = Release|x64
		{0A88D082-AF58-44E4-84C0-6F76E1089D6F}.Release|x64.Build.0 = Release|x64
		{0A88D082-AF58-44E4-84C0-6F76E1089D6F}.Release|x86.ActiveCfg = Release|Win32
		{0A88D082-AF58-44E4-84C0-6F76E1089D6F}.Release|x86.Build.0 = Release|Win32
	EndGlobalSection
	GlobalSection(SolutionProperties) = preSolution
		HideSolutionNode = FALSE
	EndGlobalSection
	GlobalSection(ExtensibilityGlobals) = postSolution
		SolutionGuid = {33557CFB-32BB-4A7D-8AD1-342015C8542F}
	EndGlobalSection
EndGlobal
